
Microsoft Visual Studio Solution File, Format Version 12.00
# Visual Studio 2012
Project("{FAE04EC0-301F-11D3-BF4B-00C04F79EFBC}") = "PromoRepublic.Oauth.Clients", "PromoRepublic.Oauth.Clients.csproj", "{DB56F264-DCAD-441E-A083-B7DA910CAB52}"
EndProject
Project("{FAE04EC0-301F-11D3-BF4B-00C04F79EFBC}") = "Demo", "..\Demo\Demo.csproj", "{574D4805-068B-4414-8539-1083A0CC826F}"
EndProject
Global
	GlobalSection(SolutionConfigurationPlatforms) = preSolution
		Debug|Any CPU = Debug|Any CPU
		Release|Any CPU = Release|Any CPU
	EndGlobalSection
	GlobalSection(ProjectConfigurationPlatforms) = postSolution
		{DB56F264-DCAD-441E-A083-B7DA910CAB52}.Debug|Any CPU.ActiveCfg = Debug|Any CPU
		{DB56F264-DCAD-441E-A083-B7DA910CAB52}.Debug|Any CPU.Build.0 = Debug|Any CPU
		{DB56F264-DCAD-441E-A083-B7DA910CAB52}.Release|Any CPU.ActiveCfg = Release|Any CPU
		{DB56F264-DCAD-441E-A083-B7DA910CAB52}.Release|Any CPU.Build.0 = Release|Any CPU
		{574D4805-068B-4414-8539-1083A0CC826F}.Debug|Any CPU.ActiveCfg = Debug|Any CPU
		{574D4805-068B-4414-8539-1083A0CC826F}.Debug|Any CPU.Build.0 = Debug|Any CPU
		{574D4805-068B-4414-8539-1083A0CC826F}.Release|Any CPU.ActiveCfg = Release|Any CPU
		{574D4805-068B-4414-8539-1083A0CC826F}.Release|Any CPU.Build.0 = Release|Any CPU
	EndGlobalSection
	GlobalSection(SolutionProperties) = preSolution
		HideSolutionNode = FALSE
	EndGlobalSection
EndGlobal
